
Microsoft Visual Studio Solution File, Format Version 12.00
# Visual Studio Version 17
VisualStudioVersion = 17.8.34330.188
MinimumVisualStudioVersion = 10.0.40219.1
Project("{FAE04EC0-301F-11D3-BF4B-00C04F79EFBC}") = "ioRecord", "ioRecord.csproj", "{F34EEE31-C866-4E6F-945A-2AE0F521D89B}"
EndProject
Global
	GlobalSection(SolutionConfigurationPlatforms) = preSolution
		Debug|Any CPU = Debug|Any CPU
		Release|Any CPU = Release|Any CPU
	EndGlobalSection
	GlobalSection(ProjectConfigurationPlatforms) = postSolution
		{F34EEE31-C866-4E6F-945A-2AE0F521D89B}.Debug|Any CPU.ActiveCfg = Debug|Any CPU
		{F34EEE31-C866-4E6F-945A-2AE0F521D89B}.Debug|Any CPU.Build.0 = Debug|Any CPU
		{F34EEE31-C866-4E6F-945A-2AE0F521D89B}.Release|Any CPU.ActiveCfg = Release|Any CPU
		{F34EEE31-C866-4E6F-945A-2AE0F521D89B}.Release|Any CPU.Build.0 = Release|Any CPU
	EndGlobalSection
	GlobalSection(SolutionProperties) = preSolution
		HideSolutionNode = FALSE
	EndGlobalSection
	GlobalSection(ExtensibilityGlobals) = postSolution
		SolutionGuid = {FBE77C1A-618B-4391-9DF6-EF480C925A27}
	EndGlobalSection
EndGlobal
